
Microsoft Visual Studio Solution File, Format Version 12.00
# Visual Studio Version 16
VisualStudioVersion = 16.0.30413.136
MinimumVisualStudioVersion = 10.0.40219.1
Project("{FAE04EC0-301F-11D3-BF4B-00C04F79EFBC}") = "WcfService1", "WcfService1\WcfService1.csproj", "{E016CCBE-A68B-4243-8CD0-79A3E712948A}"
EndProject
Global
	GlobalSection(SolutionConfigurationPlatforms) = preSolution
		Debug|Any CPU = Debug|Any CPU
		Release|Any CPU = Release|Any CPU
	EndGlobalSection
	GlobalSection(ProjectConfigurationPlatforms) = postSolution
		{E016CCBE-A68B-4243-8CD0-79A3E712948A}.Debug|Any CPU.ActiveCfg = Debug|Any CPU
		{E016CCBE-A68B-4243-8CD0-79A3E712948A}.Debug|Any CPU.Build.0 = Debug|Any CPU
		{E016CCBE-A68B-4243-8CD0-79A3E712948A}.Release|Any CPU.ActiveCfg = Release|Any CPU
		{E016CCBE-A68B-4243-8CD0-79A3E712948A}.Release|Any CPU.Build.0 = Release|Any CPU
	EndGlobalSection
	GlobalSection(SolutionProperties) = preSolution
		HideSolutionNode = FALSE
	EndGlobalSection
	GlobalSection(ExtensibilityGlobals) = postSolution
		SolutionGuid = {215D20C8-F3A7-43D5-B067-A75F4622C6D9}
	EndGlobalSection
	GlobalSection(TeamFoundationVersionControl) = preSolution
		SccNumberOfProjects = 2
		SccEnterpriseProvider = {4CA58AB2-18FA-4F8D-95D4-32DDF27D184C}
		SccTeamFoundationServer = https://chanmmn.visualstudio.com/
		SccLocalPath0 = .
		SccProjectUniqueName1 = WcfService1\\WcfService1.csproj
		SccProjectName1 = WcfService1
		SccLocalPath1 = WcfService1
	EndGlobalSection
EndGlobal
